
Microsoft Visual Studio Solution File, Format Version 12.00
# Visual Studio 15
VisualStudioVersion = 15.0.27705.2000
MinimumVisualStudioVersion = 10.0.40219.1
Project("{FAE04EC0-301F-11D3-BF4B-00C04F79EFBC}") = "Joonasw.AzureAdApiSample.Api", "Joonasw.AzureAdApiSample.Api\Joonasw.AzureAdApiSample.Api.csproj", "{7F42DC02-1742-4592-B8A5-3F786AB842CF}"
EndProject
Global
	GlobalSection(SolutionConfigurationPlatforms) = preSolution
		Debug|Any CPU = Debug|Any CPU
		Release|Any CPU = Release|Any CPU
	EndGlobalSection
	GlobalSection(ProjectConfigurationPlatforms) = postSolution
		{7F42DC02-1742-4592-B8A5-3F786AB842CF}.Debug|Any CPU.ActiveCfg = Debug|Any CPU
		{7F42DC02-1742-4592-B8A5-3F786AB842CF}.Debug|Any CPU.Build.0 = Debug|Any CPU
		{7F42DC02-1742-4592-B8A5-3F786AB842CF}.Release|Any CPU.ActiveCfg = Release|Any CPU
		{7F42DC02-1742-4592-B8A5-3F786AB842CF}.Release|Any CPU.Build.0 = Release|Any CPU
	EndGlobalSection
	GlobalSection(SolutionProperties) = preSolution
		HideSolutionNode = FALSE
	EndGlobalSection
	GlobalSection(ExtensibilityGlobals) = postSolution
		SolutionGuid = {66829129-F9D9-4608-AE0D-E74277750666}
	EndGlobalSection
EndGlobal
